
Microsoft Visual Studio Solution File, Format Version 12.00
# Visual Studio Version 17
VisualStudioVersion = 17.9.34723.18
MinimumVisualStudioVersion = 10.0.40219.1
Project("{FAE04EC0-301F-11D3-BF4B-00C04F79EFBC}") = "Login_Form_WF_HOME", "Login_Form_WF_HOME.csproj", "{510971DD-E044-4B29-BE41-61A5BC5BB6C3}"
EndProject
Global
	GlobalSection(SolutionConfigurationPlatforms) = preSolution
		Debug|Any CPU = Debug|Any CPU
		Release|Any CPU = Release|Any CPU
	EndGlobalSection
	GlobalSection(ProjectConfigurationPlatforms) = postSolution
		{510971DD-E044-4B29-BE41-61A5BC5BB6C3}.Debug|Any CPU.ActiveCfg = Debug|Any CPU
		{510971DD-E044-4B29-BE41-61A5BC5BB6C3}.Debug|Any CPU.Build.0 = Debug|Any CPU
		{510971DD-E044-4B29-BE41-61A5BC5BB6C3}.Release|Any CPU.ActiveCfg = Release|Any CPU
		{510971DD-E044-4B29-BE41-61A5BC5BB6C3}.Release|Any CPU.Build.0 = Release|Any CPU
	EndGlobalSection
	GlobalSection(SolutionProperties) = preSolution
		HideSolutionNode = FALSE
	EndGlobalSection
	GlobalSection(ExtensibilityGlobals) = postSolution
		SolutionGuid = {CF989E4F-A3D8-4714-B590-92A41C671874}
	EndGlobalSection
EndGlobal
